
Microsoft Visual Studio Solution File, Format Version 12.00
# Visual Studio Version 16
VisualStudioVersion = 25.0.1705.3
MinimumVisualStudioVersion = 10.0.40219.1
Project("{FAE04EC0-301F-11D3-BF4B-00C04F79EFBC}") = "CalculoMediaAluno", "CalculoMediaAluno.csproj", "{7748B274-A449-4BF8-9C24-D4C1D722248E}"
EndProject
Global
	GlobalSection(SolutionConfigurationPlatforms) = preSolution
		Debug|Any CPU = Debug|Any CPU
		Release|Any CPU = Release|Any CPU
	EndGlobalSection
	GlobalSection(ProjectConfigurationPlatforms) = postSolution
		{7748B274-A449-4BF8-9C24-D4C1D722248E}.Debug|Any CPU.ActiveCfg = Debug|Any CPU
		{7748B274-A449-4BF8-9C24-D4C1D722248E}.Debug|Any CPU.Build.0 = Debug|Any CPU
		{7748B274-A449-4BF8-9C24-D4C1D722248E}.Release|Any CPU.ActiveCfg = Release|Any CPU
		{7748B274-A449-4BF8-9C24-D4C1D722248E}.Release|Any CPU.Build.0 = Release|Any CPU
	EndGlobalSection
	GlobalSection(SolutionProperties) = preSolution
		HideSolutionNode = FALSE
	EndGlobalSection
	GlobalSection(ExtensibilityGlobals) = postSolution
		SolutionGuid = {B8A87D2B-16F1-432D-8395-1F411A442A49}
	EndGlobalSection
EndGlobal
